<Solution>
  <Folder Name="/src/">
    <Project Path="src/ADCE.Core/ADCE.Core.csproj" />
    <Project Path="src/ADCE.Extraction/ADCE.Extraction.csproj" />
    <Project Path="src/ADCE.Storage/ADCE.Storage.csproj" />
    <Project Path="src/ADCE.Spikes/ADCE.Spikes.csproj" />
  </Folder>
  <Folder Name="/tests/">
    <Project Path="tests/ADCE.Core.Tests/ADCE.Core.Tests.csproj" />
    <Project Path="tests/ADCE.Extraction.Tests/ADCE.Extraction.Tests.csproj" />
    <Project Path="tests/ADCE.Storage.Tests/ADCE.Storage.Tests.csproj" />
  </Folder>
</Solution>
